
Microsoft Visual Studio Solution File, Format Version 12.00
# Visual Studio 2013
VisualStudioVersion = 12.0.21005.1
MinimumVisualStudioVersion = 10.0.40219.1
Project("{FAE04EC0-301F-11D3-BF4B-00C04F79EFBC}") = "Videoclub.Presentacion", "Videoclub\Videoclub.Presentacion.csproj", "{EABBE4CB-BD0A-405C-B2BA-E7792F1FEC34}"
EndProject
Project("{FAE04EC0-301F-11D3-BF4B-00C04F79EFBC}") = "Videoclub.Datos", "Videoclub.Datos\Videoclub.Datos.csproj", "{CFEF260C-3402-4B5F-9627-AC1C6B69147E}"
EndProject
Global
	GlobalSection(SolutionConfigurationPlatforms) = preSolution
		Debug|Any CPU = Debug|Any CPU
		Release|Any CPU = Release|Any CPU
	EndGlobalSection
	GlobalSection(ProjectConfigurationPlatforms) = postSolution
		{EABBE4CB-BD0A-405C-B2BA-E7792F1FEC34}.Debug|Any CPU.ActiveCfg = Debug|Any CPU
		{EABBE4CB-BD0A-405C-B2BA-E7792F1FEC34}.Debug|Any CPU.Build.0 = Debug|Any CPU
		{EABBE4CB-BD0A-405C-B2BA-E7792F1FEC34}.Release|Any CPU.ActiveCfg = Release|Any CPU
		{EABBE4CB-BD0A-405C-B2BA-E7792F1FEC34}.Release|Any CPU.Build.0 = Release|Any CPU
		{CFEF260C-3402-4B5F-9627-AC1C6B69147E}.Debug|Any CPU.ActiveCfg = Debug|Any CPU
		{CFEF260C-3402-4B5F-9627-AC1C6B69147E}.Debug|Any CPU.Build.0 = Debug|Any CPU
		{CFEF260C-3402-4B5F-9627-AC1C6B69147E}.Release|Any CPU.ActiveCfg = Release|Any CPU
		{CFEF260C-3402-4B5F-9627-AC1C6B69147E}.Release|Any CPU.Build.0 = Release|Any CPU
	EndGlobalSection
	GlobalSection(SolutionProperties) = preSolution
		HideSolutionNode = FALSE
	EndGlobalSection
EndGlobal
